// !$*UTF8*$!
{
	archiveVersion = 1;
	classes = {
	};
	objectVersion = 56;
	objects = {

/* Begin PBXBuildFile section */
		2F293B0E2BADC8ED00748B91 /* Panorama360App.swift in Sources */ = {isa = PBXBuildFile; fileRef = 2F293B0D2BADC8ED00748B91 /* Panorama360App.swift */; };
		2F293B102BADC93700748B91 /* ContentView.swift in Sources */ = {isa = PBXBuildFile; fileRef = 2F293B0F2BADC93700748B91 /* ContentView.swift */; };
		2F478A5629FE2CE700D04C34 /* start.mp3 in Resources */ = {isa = PBXBuildFile; fileRef = 2F478A5429FE2CE700D04C34 /* start.mp3 */; };
		2F478A5729FE2CE700D04C34 /* comp.mp3 in Resources */ = {isa = PBXBuildFile; fileRef = 2F478A5529FE2CE700D04C34 /* comp.mp3 */; };
		2F4A97532954776A0038FD77 /* AppDelegate.swift in Sources */ = {isa = PBXBuildFile; fileRef = 2F4A97522954776A0038FD77 /* AppDelegate.swift */; };
		2F4A97552954776A0038FD77 /* SceneDelegate.swift in Sources */ = {isa = PBXBuildFile; fileRef = 2F4A97542954776A0038FD77 /* SceneDelegate.swift */; };
		2F4A975C2954776C0038FD77 /* Assets.xcassets in Resources */ = {isa = PBXBuildFile; fileRef = 2F4A975B2954776C0038FD77 /* Assets.xcassets */; };
		2F4A976B295485860038FD77 /* MatterportAxisManager.swift in Sources */ = {isa = PBXBuildFile; fileRef = 2F4A976A295485860038FD77 /* MatterportAxisManager.swift */; };
		2F4A976D295EBA880038FD77 /* CameraCapture.swift in Sources */ = {isa = PBXBuildFile; fileRef = 2F4A976C295EBA880038FD77 /* CameraCapture.swift */; };
		2F4A976F295ECB7D0038FD77 /* FileSaveManager.swift in Sources */ = {isa = PBXBuildFile; fileRef = 2F4A976E295ECB7D0038FD77 /* FileSaveManager.swift */; };
		2FBA53EC2BADCEFC0068A863 /* ContentViewModel.swift in Sources */ = {isa = PBXBuildFile; fileRef = 2FBA53EB2BADCEFC0068A863 /* ContentViewModel.swift */; };
		2FBA53EE2BADD2B00068A863 /* CameraView.swift in Sources */ = {isa = PBXBuildFile; fileRef = 2FBA53ED2BADD2B00068A863 /* CameraView.swift */; };
		2FBA53F02BAEF33A0068A863 /* SettingView.swift in Sources */ = {isa = PBXBuildFile; fileRef = 2FBA53EF2BAEF33A0068A863 /* SettingView.swift */; };
		2FBA53F22BAF00E00068A863 /* ToastView.swift in Sources */ = {isa = PBXBuildFile; fileRef = 2FBA53F12BAF00E00068A863 /* ToastView.swift */; };
		2FBA53F42BAF11300068A863 /* PreviewView.swift in Sources */ = {isa = PBXBuildFile; fileRef = 2FBA53F32BAF11300068A863 /* PreviewView.swift */; };
		9F71B01F549EF8601F7EAF36 /* Pods_Panorama360_MatterportAxis.framework in Frameworks */ = {isa = PBXBuildFile; fileRef = EEF961A97A2CAF9A3B35C0A2 /* Pods_Panorama360_MatterportAxis.framework */; };
/* End PBXBuildFile section */

/* Begin PBXFileReference section */
		2F293B0D2BADC8ED00748B91 /* Panorama360App.swift */ = {isa = PBXFileReference; lastKnownFileType = sourcecode.swift; path = Panorama360App.swift; sourceTree = "<group>"; };
		2F293B0F2BADC93700748B91 /* ContentView.swift */ = {isa = PBXFileReference; lastKnownFileType = sourcecode.swift; path = ContentView.swift; sourceTree = "<group>"; };
		2F478A5429FE2CE700D04C34 /* start.mp3 */ = {isa = PBXFileReference; lastKnownFileType = audio.mp3; path = start.mp3; sourceTree = "<group>"; };
		2F478A5529FE2CE700D04C34 /* comp.mp3 */ = {isa = PBXFileReference; lastKnownFileType = audio.mp3; path = comp.mp3; sourceTree = "<group>"; };
		2F4A974F2954776A0038FD77 /* Panorama360_MatterportAxis.app */ = {isa = PBXFileReference; explicitFileType = wrapper.application; includeInIndex = 0; path = Panorama360_MatterportAxis.app; sourceTree = BUILT_PRODUCTS_DIR; };
		2F4A97522954776A0038FD77 /* AppDelegate.swift */ = {isa = PBXFileReference; lastKnownFileType = sourcecode.swift; path = AppDelegate.swift; sourceTree = "<group>"; };
		2F4A97542954776A0038FD77 /* SceneDelegate.swift */ = {isa = PBXFileReference; lastKnownFileType = sourcecode.swift; path = SceneDelegate.swift; sourceTree = "<group>"; };
		2F4A975B2954776C0038FD77 /* Assets.xcassets */ = {isa = PBXFileReference; lastKnownFileType = folder.assetcatalog; path = Assets.xcassets; sourceTree = "<group>"; };
		2F4A97602954776C0038FD77 /* Info.plist */ = {isa = PBXFileReference; lastKnownFileType = text.plist.xml; path = Info.plist; sourceTree = "<group>"; };
		2F4A976A295485860038FD77 /* MatterportAxisManager.swift */ = {isa = PBXFileReference; fileEncoding = 4; lastKnownFileType = sourcecode.swift; path = MatterportAxisManager.swift; sourceTree = "<group>"; };
		2F4A976C295EBA880038FD77 /* CameraCapture.swift */ = {isa = PBXFileReference; lastKnownFileType = sourcecode.swift; path = CameraCapture.swift; sourceTree = "<group>"; };
		2F4A976E295ECB7D0038FD77 /* FileSaveManager.swift */ = {isa = PBXFileReference; lastKnownFileType = sourcecode.swift; path = FileSaveManager.swift; sourceTree = "<group>"; };
		2FBA53EB2BADCEFC0068A863 /* ContentViewModel.swift */ = {isa = PBXFileReference; lastKnownFileType = sourcecode.swift; path = ContentViewModel.swift; sourceTree = "<group>"; };
		2FBA53ED2BADD2B00068A863 /* CameraView.swift */ = {isa = PBXFileReference; lastKnownFileType = sourcecode.swift; path = CameraView.swift; sourceTree = "<group>"; };
		2FBA53EF2BAEF33A0068A863 /* SettingView.swift */ = {isa = PBXFileReference; lastKnownFileType = sourcecode.swift; path = SettingView.swift; sourceTree = "<group>"; };
		2FBA53F12BAF00E00068A863 /* ToastView.swift */ = {isa = PBXFileReference; lastKnownFileType = sourcecode.swift; path = ToastView.swift; sourceTree = "<group>"; };
		2FBA53F32BAF11300068A863 /* PreviewView.swift */ = {isa = PBXFileReference; lastKnownFileType = sourcecode.swift; path = PreviewView.swift; sourceTree = "<group>"; };
		EA1FE7461DD249DBFDE217A3 /* Pods-Panorama360_MatterportAxis.debug.xcconfig */ = {isa = PBXFileReference; includeInIndex = 1; lastKnownFileType = text.xcconfig; name = "Pods-Panorama360_MatterportAxis.debug.xcconfig"; path = "Target Support Files/Pods-Panorama360_MatterportAxis/Pods-Panorama360_MatterportAxis.debug.xcconfig"; sourceTree = "<group>"; };
		EEF961A97A2CAF9A3B35C0A2 /* Pods_Panorama360_MatterportAxis.framework */ = {isa = PBXFileReference; explicitFileType = wrapper.framework; includeInIndex = 0; path = Pods_Panorama360_MatterportAxis.framework; sourceTree = BUILT_PRODUCTS_DIR; };
		FCAB2223B5D7DDD95A5EB0A4 /* Pods-Panorama360_MatterportAxis.release.xcconfig */ = {isa = PBXFileReference; includeInIndex = 1; lastKnownFileType = text.xcconfig; name = "Pods-Panorama360_MatterportAxis.release.xcconfig"; path = "Target Support Files/Pods-Panorama360_MatterportAxis/Pods-Panorama360_MatterportAxis.release.xcconfig"; sourceTree = "<group>"; };
/* End PBXFileReference section */

/* Begin PBXFrameworksBuildPhase section */
		2F4A974C2954776A0038FD77 /* Frameworks */ = {
			isa = PBXFrameworksBuildPhase;
			buildActionMask = 2147483647;
			files = (
				9F71B01F549EF8601F7EAF36 /* Pods_Panorama360_MatterportAxis.framework in Frameworks */,
			);
			runOnlyForDeploymentPostprocessing = 0;
		};
/* End PBXFrameworksBuildPhase section */

/* Begin PBXGroup section */
		2F293B112BADCE4800748B91 /* model */ = {
			isa = PBXGroup;
			children = (
				2FBA53EB2BADCEFC0068A863 /* ContentViewModel.swift */,
			);
			path = model;
			sourceTree = "<group>";
		};
		2F293B122BADCE5300748B91 /* view */ = {
			isa = PBXGroup;
			children = (
				2F293B0F2BADC93700748B91 /* ContentView.swift */,
				2FBA53ED2BADD2B00068A863 /* CameraView.swift */,
				2FBA53EF2BAEF33A0068A863 /* SettingView.swift */,
				2FBA53F12BAF00E00068A863 /* ToastView.swift */,
				2FBA53F32BAF11300068A863 /* PreviewView.swift */,
			);
			path = view;
			sourceTree = "<group>";
		};
		2F478A5329FE2CE700D04C34 /* sound */ = {
			isa = PBXGroup;
			children = (
				2F478A5429FE2CE700D04C34 /* start.mp3 */,
				2F478A5529FE2CE700D04C34 /* comp.mp3 */,
			);
			path = sound;
			sourceTree = "<group>";
		};
		2F4A97462954776A0038FD77 = {
			isa = PBXGroup;
			children = (
				2F4A97512954776A0038FD77 /* Panorama360_MatterportAxis */,
				2F4A97502954776A0038FD77 /* Products */,
				90BEBC0D74FFFEADD9BBA2C2 /* Pods */,
				3F43300C13FEE60B736AFB52 /* Frameworks */,
			);
			sourceTree = "<group>";
		};
		2F4A97502954776A0038FD77 /* Products */ = {
			isa = PBXGroup;
			children = (
				2F4A974F2954776A0038FD77 /* Panorama360_MatterportAxis.app */,
			);
			name = Products;
			sourceTree = "<group>";
		};
		2F4A97512954776A0038FD77 /* Panorama360_MatterportAxis */ = {
			isa = PBXGroup;
			children = (
				2F293B122BADCE5300748B91 /* view */,
				2F293B112BADCE4800748B91 /* model */,
				2F478A5329FE2CE700D04C34 /* sound */,
				2F293B0D2BADC8ED00748B91 /* Panorama360App.swift */,
				2F4A976A295485860038FD77 /* MatterportAxisManager.swift */,
				2F4A976E295ECB7D0038FD77 /* FileSaveManager.swift */,
				2F4A976C295EBA880038FD77 /* CameraCapture.swift */,
				2F4A97522954776A0038FD77 /* AppDelegate.swift */,
				2F4A97542954776A0038FD77 /* SceneDelegate.swift */,
				2F4A975B2954776C0038FD77 /* Assets.xcassets */,
				2F4A97602954776C0038FD77 /* Info.plist */,
			);
			path = Panorama360_MatterportAxis;
			sourceTree = "<group>";
		};
		3F43300C13FEE60B736AFB52 /* Frameworks */ = {
			isa = PBXGroup;
			children = (
				EEF961A97A2CAF9A3B35C0A2 /* Pods_Panorama360_MatterportAxis.framework */,
			);
			name = Frameworks;
			sourceTree = "<group>";
		};
		90BEBC0D74FFFEADD9BBA2C2 /* Pods */ = {
			isa = PBXGroup;
			children = (
				EA1FE7461DD249DBFDE217A3 /* Pods-Panorama360_MatterportAxis.debug.xcconfig */,
				FCAB2223B5D7DDD95A5EB0A4 /* Pods-Panorama360_MatterportAxis.release.xcconfig */,
			);
			path = Pods;
			sourceTree = "<group>";
		};
/* End PBXGroup section */

/* Begin PBXNativeTarget section */
		2F4A974E2954776A0038FD77 /* Panorama360_MatterportAxis */ = {
			isa = PBXNativeTarget;
			buildConfigurationList = 2F4A97632954776C0038FD77 /* Build configuration list for PBXNativeTarget "Panorama360_MatterportAxis" */;
			buildPhases = (
				028D2742B720981D46C94BE5 /* [CP] Check Pods Manifest.lock */,
				2F4A974B2954776A0038FD77 /* Sources */,
				2F4A974C2954776A0038FD77 /* Frameworks */,
				2F4A974D2954776A0038FD77 /* Resources */,
				2F68C9FD2BB0313300108259 /* ShellScript */,
			);
			buildRules = (
			);
			dependencies = (
				2F68CA022BB0339500108259 /* PBXTargetDependency */,
			);
			name = Panorama360_MatterportAxis;
			packageProductDependencies = (
			);
			productName = Panorama360_MatterportAxis;
			productReference = 2F4A974F2954776A0038FD77 /* Panorama360_MatterportAxis.app */;
			productType = "com.apple.product-type.application";
		};
/* End PBXNativeTarget section */

/* Begin PBXProject section */
		2F4A97472954776A0038FD77 /* Project object */ = {
			isa = PBXProject;
			attributes = {
				BuildIndependentTargetsInParallel = 1;
				LastSwiftUpdateCheck = 1420;
				LastUpgradeCheck = 1530;
				TargetAttributes = {
					2F4A974E2954776A0038FD77 = {
						CreatedOnToolsVersion = 14.2;
					};
				};
			};
			buildConfigurationList = 2F4A974A2954776A0038FD77 /* Build configuration list for PBXProject "Panorama360_MatterportAxis" */;
			compatibilityVersion = "Xcode 14.0";
			developmentRegion = en;
			hasScannedForEncodings = 0;
			knownRegions = (
				en,
				Base,
			);
			mainGroup = 2F4A97462954776A0038FD77;
			packageReferences = (
				2F68C9FE2BB0338A00108259 /* XCRemoteSwiftPackageReference "SwiftLint" */,
			);
			productRefGroup = 2F4A97502954776A0038FD77 /* Products */;
			projectDirPath = "";
			projectRoot = "";
			targets = (
				2F4A974E2954776A0038FD77 /* Panorama360_MatterportAxis */,
			);
		};
/* End PBXProject section */

/* Begin PBXResourcesBuildPhase section */
		2F4A974D2954776A0038FD77 /* Resources */ = {
			isa = PBXResourcesBuildPhase;
			buildActionMask = 2147483647;
			files = (
				2F478A5729FE2CE700D04C34 /* comp.mp3 in Resources */,
				2F478A5629FE2CE700D04C34 /* start.mp3 in Resources */,
				2F4A975C2954776C0038FD77 /* Assets.xcassets in Resources */,
			);
			runOnlyForDeploymentPostprocessing = 0;
		};
/* End PBXResourcesBuildPhase section */

/* Begin PBXShellScriptBuildPhase section */
		028D2742B720981D46C94BE5 /* [CP] Check Pods Manifest.lock */ = {
			isa = PBXShellScriptBuildPhase;
			buildActionMask = 2147483647;
			files = (
			);
			inputFileListPaths = (
			);
			inputPaths = (
				"${PODS_PODFILE_DIR_PATH}/Podfile.lock",
				"${PODS_ROOT}/Manifest.lock",
			);
			name = "[CP] Check Pods Manifest.lock";
			outputFileListPaths = (
			);
			outputPaths = (
				"$(DERIVED_FILE_DIR)/Pods-Panorama360_MatterportAxis-checkManifestLockResult.txt",
			);
			runOnlyForDeploymentPostprocessing = 0;
			shellPath = /bin/sh;
			shellScript = "diff \"${PODS_PODFILE_DIR_PATH}/Podfile.lock\" \"${PODS_ROOT}/Manifest.lock\" > /dev/null\nif [ $? != 0 ] ; then\n    # print error to STDERR\n    echo \"error: The sandbox is not in sync with the Podfile.lock. Run 'pod install' or update your CocoaPods installation.\" >&2\n    exit 1\nfi\n# This output is used by Xcode 'outputs' to avoid re-running this script phase.\necho \"SUCCESS\" > \"${SCRIPT_OUTPUT_FILE_0}\"\n";
			showEnvVarsInLog = 0;
		};
		2F68C9FD2BB0313300108259 /* ShellScript */ = {
			isa = PBXShellScriptBuildPhase;
			alwaysOutOfDate = 1;
			buildActionMask = 2147483647;
			files = (
			);
			inputFileListPaths = (
			);
			inputPaths = (
			);
			outputFileListPaths = (
			);
			outputPaths = (
			);
			runOnlyForDeploymentPostprocessing = 0;
			shellPath = /bin/sh;
			shellScript = "if [ $CONFIGURATION = \"Debug\" ]; then\n    \"${PODS_ROOT}/SwiftFormat/CommandLineTool/swiftformat\" .\nelse\n    echo \"warning: SwiftFormat not installed, download from https://github.com/nicklockwood/SwiftFormat\"\nfi\n";
		};
/* End PBXShellScriptBuildPhase section */

/* Begin PBXSourcesBuildPhase section */
		2F4A974B2954776A0038FD77 /* Sources */ = {
			isa = PBXSourcesBuildPhase;
			buildActionMask = 2147483647;
			files = (
				2FBA53F22BAF00E00068A863 /* ToastView.swift in Sources */,
				2F293B0E2BADC8ED00748B91 /* Panorama360App.swift in Sources */,
				2F4A976F295ECB7D0038FD77 /* FileSaveManager.swift in Sources */,
				2F4A976B295485860038FD77 /* MatterportAxisManager.swift in Sources */,
				2FBA53EC2BADCEFC0068A863 /* ContentViewModel.swift in Sources */,
				2F4A97532954776A0038FD77 /* AppDelegate.swift in Sources */,
				2F293B102BADC93700748B91 /* ContentView.swift in Sources */,
				2FBA53EE2BADD2B00068A863 /* CameraView.swift in Sources */,
				2FBA53F42BAF11300068A863 /* PreviewView.swift in Sources */,
				2F4A976D295EBA880038FD77 /* CameraCapture.swift in Sources */,
				2FBA53F02BAEF33A0068A863 /* SettingView.swift in Sources */,
				2F4A97552954776A0038FD77 /* SceneDelegate.swift in Sources */,
			);
			runOnlyForDeploymentPostprocessing = 0;
		};
/* End PBXSourcesBuildPhase section */

/* Begin PBXTargetDependency section */
		2F68CA022BB0339500108259 /* PBXTargetDependency */ = {
			isa = PBXTargetDependency;
			productRef = 2F68CA012BB0339500108259 /* SwiftLintBuildToolPlugin */;
		};
/* End PBXTargetDependency section */

/* Begin XCBuildConfiguration section */
		2F4A97612954776C0038FD77 /* Debug */ = {
			isa = XCBuildConfiguration;
			buildSettings = {
				ALWAYS_SEARCH_USER_PATHS = NO;
				CLANG_ANALYZER_NONNULL = YES;
				CLANG_ANALYZER_NUMBER_OBJECT_CONVERSION = YES_AGGRESSIVE;
				CLANG_CXX_LANGUAGE_STANDARD = "gnu++20";
				CLANG_ENABLE_MODULES = YES;
				CLANG_ENABLE_OBJC_ARC = YES;
				CLANG_ENABLE_OBJC_WEAK = YES;
				CLANG_WARN_BLOCK_CAPTURE_AUTORELEASING = YES;
				CLANG_WARN_BOOL_CONVERSION = YES;
				CLANG_WARN_COMMA = YES;
				CLANG_WARN_CONSTANT_CONVERSION = YES;
				CLANG_WARN_DEPRECATED_OBJC_IMPLEMENTATIONS = YES;
				CLANG_WARN_DIRECT_OBJC_ISA_USAGE = YES_ERROR;
				CLANG_WARN_DOCUMENTATION_COMMENTS = YES;
				CLANG_WARN_EMPTY_BODY = YES;
				CLANG_WARN_ENUM_CONVERSION = YES;
				CLANG_WARN_INFINITE_RECURSION = YES;
				CLANG_WARN_INT_CONVERSION = YES;
				CLANG_WARN_NON_LITERAL_NULL_CONVERSION = YES;
				CLANG_WARN_OBJC_IMPLICIT_RETAIN_SELF = YES;
				CLANG_WARN_OBJC_LITERAL_CONVERSION = YES;
				CLANG_WARN_OBJC_ROOT_CLASS = YES_ERROR;
				CLANG_WARN_QUOTED_INCLUDE_IN_FRAMEWORK_HEADER = YES;
				CLANG_WARN_RANGE_LOOP_ANALYSIS = YES;
				CLANG_WARN_STRICT_PROTOTYPES = YES;
				CLANG_WARN_SUSPICIOUS_MOVE = YES;
				CLANG_WARN_UNGUARDED_AVAILABILITY = YES_AGGRESSIVE;
				CLANG_WARN_UNREACHABLE_CODE = YES;
				CLANG_WARN__DUPLICATE_METHOD_MATCH = YES;
				COPY_PHASE_STRIP = NO;
				DEBUG_INFORMATION_FORMAT = dwarf;
				ENABLE_STRICT_OBJC_MSGSEND = YES;
				ENABLE_TESTABILITY = YES;
				ENABLE_USER_SCRIPT_SANDBOXING = YES;
				GCC_C_LANGUAGE_STANDARD = gnu11;
				GCC_DYNAMIC_NO_PIC = NO;
				GCC_NO_COMMON_BLOCKS = YES;
				GCC_OPTIMIZATION_LEVEL = 0;
				GCC_PREPROCESSOR_DEFINITIONS = (
					"DEBUG=1",
					"$(inherited)",
				);
				GCC_WARN_64_TO_32_BIT_CONVERSION = YES;
				GCC_WARN_ABOUT_RETURN_TYPE = YES_ERROR;
				GCC_WARN_UNDECLARED_SELECTOR = YES;
				GCC_WARN_UNINITIALIZED_AUTOS = YES_AGGRESSIVE;
				GCC_WARN_UNUSED_FUNCTION = YES;
				GCC_WARN_UNUSED_VARIABLE = YES;
				IPHONEOS_DEPLOYMENT_TARGET = 16.2;
				MTL_ENABLE_DEBUG_INFO = INCLUDE_SOURCE;
				MTL_FAST_MATH = YES;
				ONLY_ACTIVE_ARCH = YES;
				SDKROOT = iphoneos;
				SWIFT_ACTIVE_COMPILATION_CONDITIONS = DEBUG;
				SWIFT_OPTIMIZATION_LEVEL = "-Onone";
			};
			name = Debug;
		};
		2F4A97622954776C0038FD77 /* Release */ = {
			isa = XCBuildConfiguration;
			buildSettings = {
				ALWAYS_SEARCH_USER_PATHS = NO;
				CLANG_ANALYZER_NONNULL = YES;
				CLANG_ANALYZER_NUMBER_OBJECT_CONVERSION = YES_AGGRESSIVE;
				CLANG_CXX_LANGUAGE_STANDARD = "gnu++20";
				CLANG_ENABLE_MODULES = YES;
				CLANG_ENABLE_OBJC_ARC = YES;
				CLANG_ENABLE_OBJC_WEAK = YES;
				CLANG_WARN_BLOCK_CAPTURE_AUTORELEASING = YES;
				CLANG_WARN_BOOL_CONVERSION = YES;
				CLANG_WARN_COMMA = YES;
				CLANG_WARN_CONSTANT_CONVERSION = YES;
				CLANG_WARN_DEPRECATED_OBJC_IMPLEMENTATIONS = YES;
				CLANG_WARN_DIRECT_OBJC_ISA_USAGE = YES_ERROR;
				CLANG_WARN_DOCUMENTATION_COMMENTS = YES;
				CLANG_WARN_EMPTY_BODY = YES;
				CLANG_WARN_ENUM_CONVERSION = YES;
				CLANG_WARN_INFINITE_RECURSION = YES;
				CLANG_WARN_INT_CONVERSION = YES;
				CLANG_WARN_NON_LITERAL_NULL_CONVERSION = YES;
				CLANG_WARN_OBJC_IMPLICIT_RETAIN_SELF = YES;
				CLANG_WARN_OBJC_LITERAL_CONVERSION = YES;
				CLANG_WARN_OBJC_ROOT_CLASS = YES_ERROR;
				CLANG_WARN_QUOTED_INCLUDE_IN_FRAMEWORK_HEADER = YES;
				CLANG_WARN_RANGE_LOOP_ANALYSIS = YES;
				CLANG_WARN_STRICT_PROTOTYPES = YES;
				CLANG_WARN_SUSPICIOUS_MOVE = YES;
				CLANG_WARN_UNGUARDED_AVAILABILITY = YES_AGGRESSIVE;
				CLANG_WARN_UNREACHABLE_CODE = YES;
				CLANG_WARN__DUPLICATE_METHOD_MATCH = YES;
				COPY_PHASE_STRIP = NO;
				DEBUG_INFORMATION_FORMAT = "dwarf-with-dsym";
				ENABLE_NS_ASSERTIONS = NO;
				ENABLE_STRICT_OBJC_MSGSEND = YES;
				ENABLE_USER_SCRIPT_SANDBOXING = YES;
				GCC_C_LANGUAGE_STANDARD = gnu11;
				GCC_NO_COMMON_BLOCKS = YES;
				GCC_WARN_64_TO_32_BIT_CONVERSION = YES;
				GCC_WARN_ABOUT_RETURN_TYPE = YES_ERROR;
				GCC_WARN_UNDECLARED_SELECTOR = YES;
				GCC_WARN_UNINITIALIZED_AUTOS = YES_AGGRESSIVE;
				GCC_WARN_UNUSED_FUNCTION = YES;
				GCC_WARN_UNUSED_VARIABLE = YES;
				IPHONEOS_DEPLOYMENT_TARGET = 16.2;
				MTL_ENABLE_DEBUG_INFO = NO;
				MTL_FAST_MATH = YES;
				SDKROOT = iphoneos;
				SWIFT_COMPILATION_MODE = wholemodule;
				SWIFT_OPTIMIZATION_LEVEL = "-O";
				VALIDATE_PRODUCT = YES;
			};
			name = Release;
		};
		2F4A97642954776C0038FD77 /* Debug */ = {
			isa = XCBuildConfiguration;
			baseConfigurationReference = EA1FE7461DD249DBFDE217A3 /* Pods-Panorama360_MatterportAxis.debug.xcconfig */;
			buildSettings = {
				ASSETCATALOG_COMPILER_APPICON_NAME = AppIcon;
				ASSETCATALOG_COMPILER_GLOBAL_ACCENT_COLOR_NAME = AccentColor;
				CODE_SIGN_IDENTITY = "Apple Development";
				CODE_SIGN_STYLE = Automatic;
				CURRENT_PROJECT_VERSION = 1;
				DEVELOPMENT_TEAM = EDDF2QFFRU;
				ENABLE_USER_SCRIPT_SANDBOXING = NO;
				GENERATE_INFOPLIST_FILE = YES;
				INFOPLIST_FILE = Panorama360_MatterportAxis/Info.plist;
				INFOPLIST_KEY_LSSupportsOpeningDocumentsInPlace = YES;
				INFOPLIST_KEY_NSBluetoothAlwaysUsageDescription = "Matterport Axisへ接続するのにBluetoothを使用します。";
				INFOPLIST_KEY_NSCameraUsageDescription = "カメラを使います";
				INFOPLIST_KEY_NSPhotoLibraryAddUsageDescription = "写真を保存します";
				INFOPLIST_KEY_UIApplicationSupportsIndirectInputEvents = YES;
				INFOPLIST_KEY_UISupportedInterfaceOrientations = UIInterfaceOrientationPortrait;
				INFOPLIST_KEY_UISupportedInterfaceOrientations_iPad = "UIInterfaceOrientationLandscapeLeft UIInterfaceOrientationLandscapeRight UIInterfaceOrientationPortrait UIInterfaceOrientationPortraitUpsideDown";
				LD_RUNPATH_SEARCH_PATHS = (
					"$(inherited)",
					"@executable_path/Frameworks",
				);
				MARKETING_VERSION = 1.0;
				PRODUCT_BUNDLE_IDENTIFIER = com.ryotn.panorama360;
				PRODUCT_NAME = "$(TARGET_NAME)";
				PROVISIONING_PROFILE_SPECIFIER = "";
				SUPPORTED_PLATFORMS = "iphoneos iphonesimulator";
				SUPPORTS_MACCATALYST = NO;
				SUPPORTS_MAC_DESIGNED_FOR_IPHONE_IPAD = NO;
				SUPPORTS_XR_DESIGNED_FOR_IPHONE_IPAD = NO;
				SWIFT_EMIT_LOC_STRINGS = YES;
				SWIFT_VERSION = 5.0;
				TARGETED_DEVICE_FAMILY = 1;
			};
			name = Debug;
		};
		2F4A97652954776C0038FD77 /* Release */ = {
			isa = XCBuildConfiguration;
			baseConfigurationReference = FCAB2223B5D7DDD95A5EB0A4 /* Pods-Panorama360_MatterportAxis.release.xcconfig */;
			buildSettings = {
				ASSETCATALOG_COMPILER_APPICON_NAME = AppIcon;
				ASSETCATALOG_COMPILER_GLOBAL_ACCENT_COLOR_NAME = AccentColor;
				CODE_SIGN_IDENTITY = "Apple Development";
				CODE_SIGN_STYLE = Automatic;
				CURRENT_PROJECT_VERSION = 1;
				DEVELOPMENT_TEAM = EDDF2QFFRU;
				ENABLE_USER_SCRIPT_SANDBOXING = NO;
				GENERATE_INFOPLIST_FILE = YES;
				INFOPLIST_FILE = Panorama360_MatterportAxis/Info.plist;
				INFOPLIST_KEY_LSSupportsOpeningDocumentsInPlace = YES;
				INFOPLIST_KEY_NSBluetoothAlwaysUsageDescription = "Matterport Axisへ接続するのにBluetoothを使用します。";
				INFOPLIST_KEY_NSCameraUsageDescription = "カメラを使います";
				INFOPLIST_KEY_NSPhotoLibraryAddUsageDescription = "写真を保存します";
				INFOPLIST_KEY_UIApplicationSupportsIndirectInputEvents = YES;
				INFOPLIST_KEY_UISupportedInterfaceOrientations = UIInterfaceOrientationPortrait;
				INFOPLIST_KEY_UISupportedInterfaceOrientations_iPad = "UIInterfaceOrientationLandscapeLeft UIInterfaceOrientationLandscapeRight UIInterfaceOrientationPortrait UIInterfaceOrientationPortraitUpsideDown";
				LD_RUNPATH_SEARCH_PATHS = (
					"$(inherited)",
					"@executable_path/Frameworks",
				);
				MARKETING_VERSION = 1.0;
				PRODUCT_BUNDLE_IDENTIFIER = com.ryotn.panorama360;
				PRODUCT_NAME = "$(TARGET_NAME)";
				PROVISIONING_PROFILE_SPECIFIER = "";
				SUPPORTED_PLATFORMS = "iphoneos iphonesimulator";
				SUPPORTS_MACCATALYST = NO;
				SUPPORTS_MAC_DESIGNED_FOR_IPHONE_IPAD = NO;
				SUPPORTS_XR_DESIGNED_FOR_IPHONE_IPAD = NO;
				SWIFT_EMIT_LOC_STRINGS = YES;
				SWIFT_VERSION = 5.0;
				TARGETED_DEVICE_FAMILY = 1;
			};
			name = Release;
		};
/* End XCBuildConfiguration section */

/* Begin XCConfigurationList section */
		2F4A974A2954776A0038FD77 /* Build configuration list for PBXProject "Panorama360_MatterportAxis" */ = {
			isa = XCConfigurationList;
			buildConfigurations = (
				2F4A97612954776C0038FD77 /* Debug */,
				2F4A97622954776C0038FD77 /* Release */,
			);
			defaultConfigurationIsVisible = 0;
			defaultConfigurationName = Release;
		};
		2F4A97632954776C0038FD77 /* Build configuration list for PBXNativeTarget "Panorama360_MatterportAxis" */ = {
			isa = XCConfigurationList;
			buildConfigurations = (
				2F4A97642954776C0038FD77 /* Debug */,
				2F4A97652954776C0038FD77 /* Release */,
			);
			defaultConfigurationIsVisible = 0;
			defaultConfigurationName = Release;
		};
/* End XCConfigurationList section */

/* Begin XCRemoteSwiftPackageReference section */
		2F68C9FE2BB0338A00108259 /* XCRemoteSwiftPackageReference "SwiftLint" */ = {
			isa = XCRemoteSwiftPackageReference;
			repositoryURL = "https://github.com/realm/SwiftLint";
			requirement = {
				branch = main;
				kind = branch;
			};
		};
/* End XCRemoteSwiftPackageReference section */

/* Begin XCSwiftPackageProductDependency section */
		2F68CA012BB0339500108259 /* SwiftLintBuildToolPlugin */ = {
			isa = XCSwiftPackageProductDependency;
			package = 2F68C9FE2BB0338A00108259 /* XCRemoteSwiftPackageReference "SwiftLint" */;
			productName = "plugin:SwiftLintBuildToolPlugin";
		};
/* End XCSwiftPackageProductDependency section */
	};
	rootObject = 2F4A97472954776A0038FD77 /* Project object */;
}
